%{
  "floki": {:hex, :floki, "0.31.0", "f05ee8a8e6a3ced4e62beeb2c79a63bc8e12ab98fbaaf6e6a3d9b76b1278e23f", [:mix], [{:html_entities, "~> 0.5.0", [hex: :html_entities, repo: "hexpm", optional: false]}], "hexpm", "b05afa372f5c345a5bf240ac25ea1f0f3d5fcfd7490ac0beeb4a203f9444891e"},
  "html_entities": {:hex, :html_entities, "0.5.2", "9e47e70598da7de2a9ff6af8758399251db6dbb7eebe2b013f2bbd2515895c3c", [:mix], [], "hexpm", "c53ba390403485615623b9531e97696f076ed415e8d8058b1dbaa28181f4fdcc"},
  "httpotion": {:hex, :httpotion, "2.1.0", "3fe84fbd13d4560c2514da656d022b1191a079178ee4992d245fc3c33c01ee18", [:mix], [], "hexpm", "d34f1e82283b6b953f611dc24571aa2586e72e19d3d6632b8e3dba78cf1e3761"},
  "ibrowse": {:git, "https://github.com/cmullaparthi/ibrowse.git", "ea3305d21f37eced4fac290f64b068e56df7de80", [tag: "v4.1.2"]},
}
